
Microsoft Visual Studio Solution File, Format Version 12.00
# Visual Studio Version 17
VisualStudioVersion = 17.8.34309.116
MinimumVisualStudioVersion = 10.0.40219.1
Project("{FAE04EC0-301F-11D3-BF4B-00C04F79EFBC}") = "Bunzhia", "Bunzhia\Bunzhia.csproj", "{18D37E25-0862-4385-AEA9-DFECD1D53B48}"
EndProject
Global
	GlobalSection(SolutionConfigurationPlatforms) = preSolution
		Debug|Any CPU = Debug|Any CPU
		Release|Any CPU = Release|Any CPU
	EndGlobalSection
	GlobalSection(ProjectConfigurationPlatforms) = postSolution
		{18D37E25-0862-4385-AEA9-DFECD1D53B48}.Debug|Any CPU.ActiveCfg = Debug|Any CPU
		{18D37E25-0862-4385-AEA9-DFECD1D53B48}.Debug|Any CPU.Build.0 = Debug|Any CPU
		{18D37E25-0862-4385-AEA9-DFECD1D53B48}.Release|Any CPU.ActiveCfg = Release|Any CPU
		{18D37E25-0862-4385-AEA9-DFECD1D53B48}.Release|Any CPU.Build.0 = Release|Any CPU
	EndGlobalSection
	GlobalSection(SolutionProperties) = preSolution
		HideSolutionNode = FALSE
	EndGlobalSection
	GlobalSection(ExtensibilityGlobals) = postSolution
		SolutionGuid = {21634545-181E-41CC-8C82-3FCA3B664637}
	EndGlobalSection
EndGlobal
